
Microsoft Visual Studio Solution File, Format Version 12.00
# Visual Studio 2012
Project("{FAE04EC0-301F-11D3-BF4B-00C04F79EFBC}") = "Calculator", "src\Calculator\Calculator.csproj", "{DB337B19-F6FA-4FEC-A3A6-A672206065CD}"
EndProject
Global
	GlobalSection(SolutionConfigurationPlatforms) = preSolution
		Debug|x86 = Debug|x86
		Release|x86 = Release|x86
	EndGlobalSection
	GlobalSection(ProjectConfigurationPlatforms) = postSolution
		{DB337B19-F6FA-4FEC-A3A6-A672206065CD}.Debug|x86.ActiveCfg = Debug|x86
		{DB337B19-F6FA-4FEC-A3A6-A672206065CD}.Debug|x86.Build.0 = Debug|x86
		{DB337B19-F6FA-4FEC-A3A6-A672206065CD}.Release|x86.ActiveCfg = Release|x86
		{DB337B19-F6FA-4FEC-A3A6-A672206065CD}.Release|x86.Build.0 = Release|x86
	EndGlobalSection
EndGlobal
